// !$*UTF8*$!
{
	archiveVersion = 1;
	classes = {
	};
	objectVersion = 50;
	objects = {

/* Begin PBXBuildFile section */
		D82DA08324CF4C7900128CE0 /* AppDelegate.swift in Sources */ = {isa = PBXBuildFile; fileRef = D82DA08224CF4C7900128CE0 /* AppDelegate.swift */; };
		D82DA08524CF4C7900128CE0 /* SceneDelegate.swift in Sources */ = {isa = PBXBuildFile; fileRef = D82DA08424CF4C7900128CE0 /* SceneDelegate.swift */; };
		D82DA08A24CF4C7900128CE0 /* Main.storyboard in Resources */ = {isa = PBXBuildFile; fileRef = D82DA08824CF4C7900128CE0 /* Main.storyboard */; };
		D82DA08C24CF4C7B00128CE0 /* Assets.xcassets in Resources */ = {isa = PBXBuildFile; fileRef = D82DA08B24CF4C7B00128CE0 /* Assets.xcassets */; };
		D82DA08F24CF4C7B00128CE0 /* LaunchScreen.storyboard in Resources */ = {isa = PBXBuildFile; fileRef = D82DA08D24CF4C7B00128CE0 /* LaunchScreen.storyboard */; };
		D82DA09924CF4D0C00128CE0 /* AlbumListViewController.swift in Sources */ = {isa = PBXBuildFile; fileRef = D82DA09824CF4D0C00128CE0 /* AlbumListViewController.swift */; };
		D82DA09B24CF4F0C00128CE0 /* CustomTableViewCell.swift in Sources */ = {isa = PBXBuildFile; fileRef = D82DA09A24CF4F0C00128CE0 /* CustomTableViewCell.swift */; };
		D82DA09D24CF571700128CE0 /* DetailViewController.swift in Sources */ = {isa = PBXBuildFile; fileRef = D82DA09C24CF571700128CE0 /* DetailViewController.swift */; };
/* End PBXBuildFile section */

/* Begin PBXFileReference section */
		D82DA07F24CF4C7900128CE0 /* AlbumProgrammatic.app */ = {isa = PBXFileReference; explicitFileType = wrapper.application; includeInIndex = 0; path = AlbumProgrammatic.app; sourceTree = BUILT_PRODUCTS_DIR; };
		D82DA08224CF4C7900128CE0 /* AppDelegate.swift */ = {isa = PBXFileReference; lastKnownFileType = sourcecode.swift; path = AppDelegate.swift; sourceTree = "<group>"; };
		D82DA08424CF4C7900128CE0 /* SceneDelegate.swift */ = {isa = PBXFileReference; lastKnownFileType = sourcecode.swift; path = SceneDelegate.swift; sourceTree = "<group>"; };
		D82DA08924CF4C7900128CE0 /* Base */ = {isa = PBXFileReference; lastKnownFileType = file.storyboard; name = Base; path = Base.lproj/Main.storyboard; sourceTree = "<group>"; };
		D82DA08B24CF4C7B00128CE0 /* Assets.xcassets */ = {isa = PBXFileReference; lastKnownFileType = folder.assetcatalog; path = Assets.xcassets; sourceTree = "<group>"; };
		D82DA08E24CF4C7B00128CE0 /* Base */ = {isa = PBXFileReference; lastKnownFileType = file.storyboard; name = Base; path = Base.lproj/LaunchScreen.storyboard; sourceTree = "<group>"; };
		D82DA09024CF4C7B00128CE0 /* Info.plist */ = {isa = PBXFileReference; lastKnownFileType = text.plist.xml; path = Info.plist; sourceTree = "<group>"; };
		D82DA09824CF4D0C00128CE0 /* AlbumListViewController.swift */ = {isa = PBXFileReference; lastKnownFileType = sourcecode.swift; path = AlbumListViewController.swift; sourceTree = "<group>"; };
		D82DA09A24CF4F0C00128CE0 /* CustomTableViewCell.swift */ = {isa = PBXFileReference; lastKnownFileType = sourcecode.swift; path = CustomTableViewCell.swift; sourceTree = "<group>"; };
		D82DA09C24CF571700128CE0 /* DetailViewController.swift */ = {isa = PBXFileReference; lastKnownFileType = sourcecode.swift; path = DetailViewController.swift; sourceTree = "<group>"; };
/* End PBXFileReference section */

/* Begin PBXFrameworksBuildPhase section */
		D82DA07C24CF4C7900128CE0 /* Frameworks */ = {
			isa = PBXFrameworksBuildPhase;
			buildActionMask = 2147483647;
			files = (
			);
			runOnlyForDeploymentPostprocessing = 0;
		};
/* End PBXFrameworksBuildPhase section */

/* Begin PBXGroup section */
		D82DA07624CF4C7900128CE0 = {
			isa = PBXGroup;
			children = (
				D82DA08124CF4C7900128CE0 /* AlbumProgrammatic */,
				D82DA08024CF4C7900128CE0 /* Products */,
			);
			sourceTree = "<group>";
		};
		D82DA08024CF4C7900128CE0 /* Products */ = {
			isa = PBXGroup;
			children = (
				D82DA07F24CF4C7900128CE0 /* AlbumProgrammatic.app */,
			);
			name = Products;
			sourceTree = "<group>";
		};
		D82DA08124CF4C7900128CE0 /* AlbumProgrammatic */ = {
			isa = PBXGroup;
			children = (
				D82DA08224CF4C7900128CE0 /* AppDelegate.swift */,
				D82DA08424CF4C7900128CE0 /* SceneDelegate.swift */,
				D82DA08824CF4C7900128CE0 /* Main.storyboard */,
				D82DA08B24CF4C7B00128CE0 /* Assets.xcassets */,
				D82DA08D24CF4C7B00128CE0 /* LaunchScreen.storyboard */,
				D82DA09024CF4C7B00128CE0 /* Info.plist */,
				D82DA09824CF4D0C00128CE0 /* AlbumListViewController.swift */,
				D82DA09A24CF4F0C00128CE0 /* CustomTableViewCell.swift */,
				D82DA09C24CF571700128CE0 /* DetailViewController.swift */,
			);
			path = AlbumProgrammatic;
			sourceTree = "<group>";
		};
/* End PBXGroup section */

/* Begin PBXNativeTarget section */
		D82DA07E24CF4C7900128CE0 /* AlbumProgrammatic */ = {
			isa = PBXNativeTarget;
			buildConfigurationList = D82DA09324CF4C7B00128CE0 /* Build configuration list for PBXNativeTarget "AlbumProgrammatic" */;
			buildPhases = (
				D82DA07B24CF4C7900128CE0 /* Sources */,
				D82DA07C24CF4C7900128CE0 /* Frameworks */,
				D82DA07D24CF4C7900128CE0 /* Resources */,
			);
			buildRules = (
			);
			dependencies = (
			);
			name = AlbumProgrammatic;
			productName = AlbumProgrammatic;
			productReference = D82DA07F24CF4C7900128CE0 /* AlbumProgrammatic.app */;
			productType = "com.apple.product-type.application";
		};
/* End PBXNativeTarget section */

/* Begin PBXProject section */
		D82DA07724CF4C7900128CE0 /* Project object */ = {
			isa = PBXProject;
			attributes = {
				LastSwiftUpdateCheck = 1160;
				LastUpgradeCheck = 1160;
				ORGANIZATIONNAME = "Joao Campos";
				TargetAttributes = {
					D82DA07E24CF4C7900128CE0 = {
						CreatedOnToolsVersion = 11.6;
					};
				};
			};
			buildConfigurationList = D82DA07A24CF4C7900128CE0 /* Build configuration list for PBXProject "AlbumProgrammatic" */;
			compatibilityVersion = "Xcode 9.3";
			developmentRegion = en;
			hasScannedForEncodings = 0;
			knownRegions = (
				en,
				Base,
			);
			mainGroup = D82DA07624CF4C7900128CE0;
			productRefGroup = D82DA08024CF4C7900128CE0 /* Products */;
			projectDirPath = "";
			projectRoot = "";
			targets = (
				D82DA07E24CF4C7900128CE0 /* AlbumProgrammatic */,
			);
		};
/* End PBXProject section */

/* Begin PBXResourcesBuildPhase section */
		D82DA07D24CF4C7900128CE0 /* Resources */ = {
			isa = PBXResourcesBuildPhase;
			buildActionMask = 2147483647;
			files = (
				D82DA08F24CF4C7B00128CE0 /* LaunchScreen.storyboard in Resources */,
				D82DA08C24CF4C7B00128CE0 /* Assets.xcassets in Resources */,
				D82DA08A24CF4C7900128CE0 /* Main.storyboard in Resources */,
			);
			runOnlyForDeploymentPostprocessing = 0;
		};
/* End PBXResourcesBuildPhase section */

/* Begin PBXSourcesBuildPhase section */
		D82DA07B24CF4C7900128CE0 /* Sources */ = {
			isa = PBXSourcesBuildPhase;
			buildActionMask = 2147483647;
			files = (
				D82DA08324CF4C7900128CE0 /* AppDelegate.swift in Sources */,
				D82DA09924CF4D0C00128CE0 /* AlbumListViewController.swift in Sources */,
				D82DA09D24CF571700128CE0 /* DetailViewController.swift in Sources */,
				D82DA09B24CF4F0C00128CE0 /* CustomTableViewCell.swift in Sources */,
				D82DA08524CF4C7900128CE0 /* SceneDelegate.swift in Sources */,
			);
			runOnlyForDeploymentPostprocessing = 0;
		};
/* End PBXSourcesBuildPhase section */

/* Begin PBXVariantGroup section */
		D82DA08824CF4C7900128CE0 /* Main.storyboard */ = {
			isa = PBXVariantGroup;
			children = (
				D82DA08924CF4C7900128CE0 /* Base */,
			);
			name = Main.storyboard;
			sourceTree = "<group>";
		};
		D82DA08D24CF4C7B00128CE0 /* LaunchScreen.storyboard */ = {
			isa = PBXVariantGroup;
			children = (
				D82DA08E24CF4C7B00128CE0 /* Base */,
			);
			name = LaunchScreen.storyboard;
			sourceTree = "<group>";
		};
/* End PBXVariantGroup section */

/* Begin XCBuildConfiguration section */
		D82DA09124CF4C7B00128CE0 /* Debug */ = {
			isa = XCBuildConfiguration;
			buildSettings = {
				ALWAYS_SEARCH_USER_PATHS = NO;
				CLANG_ANALYZER_NONNULL = YES;
				CLANG_ANALYZER_NUMBER_OBJECT_CONVERSION = YES_AGGRESSIVE;
				CLANG_CXX_LANGUAGE_STANDARD = "gnu++14";
				CLANG_CXX_LIBRARY = "libc++";
				CLANG_ENABLE_MODULES = YES;
				CLANG_ENABLE_OBJC_ARC = YES;
				CLANG_ENABLE_OBJC_WEAK = YES;
				CLANG_WARN_BLOCK_CAPTURE_AUTORELEASING = YES;
				CLANG_WARN_BOOL_CONVERSION = YES;
				CLANG_WARN_COMMA = YES;
				CLANG_WARN_CONSTANT_CONVERSION = YES;
				CLANG_WARN_DEPRECATED_OBJC_IMPLEMENTATIONS = YES;
				CLANG_WARN_DIRECT_OBJC_ISA_USAGE = YES_ERROR;
				CLANG_WARN_DOCUMENTATION_COMMENTS = YES;
				CLANG_WARN_EMPTY_BODY = YES;
				CLANG_WARN_ENUM_CONVERSION = YES;
				CLANG_WARN_INFINITE_RECURSION = YES;
				CLANG_WARN_INT_CONVERSION = YES;
				CLANG_WARN_NON_LITERAL_NULL_CONVERSION = YES;
				CLANG_WARN_OBJC_IMPLICIT_RETAIN_SELF = YES;
				CLANG_WARN_OBJC_LITERAL_CONVERSION = YES;
				CLANG_WARN_OBJC_ROOT_CLASS = YES_ERROR;
				CLANG_WARN_RANGE_LOOP_ANALYSIS = YES;
				CLANG_WARN_STRICT_PROTOTYPES = YES;
				CLANG_WARN_SUSPICIOUS_MOVE = YES;
				CLANG_WARN_UNGUARDED_AVAILABILITY = YES_AGGRESSIVE;
				CLANG_WARN_UNREACHABLE_CODE = YES;
				CLANG_WARN__DUPLICATE_METHOD_MATCH = YES;
				COPY_PHASE_STRIP = NO;
				DEBUG_INFORMATION_FORMAT = dwarf;
				ENABLE_STRICT_OBJC_MSGSEND = YES;
				ENABLE_TESTABILITY = YES;
				GCC_C_LANGUAGE_STANDARD = gnu11;
				GCC_DYNAMIC_NO_PIC = NO;
				GCC_NO_COMMON_BLOCKS = YES;
				GCC_OPTIMIZATION_LEVEL = 0;
				GCC_PREPROCESSOR_DEFINITIONS = (
					"DEBUG=1",
					"$(inherited)",
				);
				GCC_WARN_64_TO_32_BIT_CONVERSION = YES;
				GCC_WARN_ABOUT_RETURN_TYPE = YES_ERROR;
				GCC_WARN_UNDECLARED_SELECTOR = YES;
				GCC_WARN_UNINITIALIZED_AUTOS = YES_AGGRESSIVE;
				GCC_WARN_UNUSED_FUNCTION = YES;
				GCC_WARN_UNUSED_VARIABLE = YES;
				IPHONEOS_DEPLOYMENT_TARGET = 13.6;
				MTL_ENABLE_DEBUG_INFO = INCLUDE_SOURCE;
				MTL_FAST_MATH = YES;
				ONLY_ACTIVE_ARCH = YES;
				SDKROOT = iphoneos;
				SWIFT_ACTIVE_COMPILATION_CONDITIONS = DEBUG;
				SWIFT_OPTIMIZATION_LEVEL = "-Onone";
			};
			name = Debug;
		};
		D82DA09224CF4C7B00128CE0 /* Release */ = {
			isa = XCBuildConfiguration;
			buildSettings = {
				ALWAYS_SEARCH_USER_PATHS = NO;
				CLANG_ANALYZER_NONNULL = YES;
				CLANG_ANALYZER_NUMBER_OBJECT_CONVERSION = YES_AGGRESSIVE;
				CLANG_CXX_LANGUAGE_STANDARD = "gnu++14";
				CLANG_CXX_LIBRARY = "libc++";
				CLANG_ENABLE_MODULES = YES;
				CLANG_ENABLE_OBJC_ARC = YES;
				CLANG_ENABLE_OBJC_WEAK = YES;
				CLANG_WARN_BLOCK_CAPTURE_AUTORELEASING = YES;
				CLANG_WARN_BOOL_CONVERSION = YES;
				CLANG_WARN_COMMA = YES;
				CLANG_WARN_CONSTANT_CONVERSION = YES;
				CLANG_WARN_DEPRECATED_OBJC_IMPLEMENTATIONS = YES;
				CLANG_WARN_DIRECT_OBJC_ISA_USAGE = YES_ERROR;
				CLANG_WARN_DOCUMENTATION_COMMENTS = YES;
				CLANG_WARN_EMPTY_BODY = YES;
				CLANG_WARN_ENUM_CONVERSION = YES;
				CLANG_WARN_INFINITE_RECURSION = YES;
				CLANG_WARN_INT_CONVERSION = YES;
				CLANG_WARN_NON_LITERAL_NULL_CONVERSION = YES;
				CLANG_WARN_OBJC_IMPLICIT_RETAIN_SELF = YES;
				CLANG_WARN_OBJC_LITERAL_CONVERSION = YES;
				CLANG_WARN_OBJC_ROOT_CLASS = YES_ERROR;
				CLANG_WARN_RANGE_LOOP_ANALYSIS = YES;
				CLANG_WARN_STRICT_PROTOTYPES = YES;
				CLANG_WARN_SUSPICIOUS_MOVE = YES;
				CLANG_WARN_UNGUARDED_AVAILABILITY = YES_AGGRESSIVE;
				CLANG_WARN_UNREACHABLE_CODE = YES;
				CLANG_WARN__DUPLICATE_METHOD_MATCH = YES;
				COPY_PHASE_STRIP = NO;
				DEBUG_INFORMATION_FORMAT = "dwarf-with-dsym";
				ENABLE_NS_ASSERTIONS = NO;
				ENABLE_STRICT_OBJC_MSGSEND = YES;
				GCC_C_LANGUAGE_STANDARD = gnu11;
				GCC_NO_COMMON_BLOCKS = YES;
				GCC_WARN_64_TO_32_BIT_CONVERSION = YES;
				GCC_WARN_ABOUT_RETURN_TYPE = YES_ERROR;
				GCC_WARN_UNDECLARED_SELECTOR = YES;
				GCC_WARN_UNINITIALIZED_AUTOS = YES_AGGRESSIVE;
				GCC_WARN_UNUSED_FUNCTION = YES;
				GCC_WARN_UNUSED_VARIABLE = YES;
				IPHONEOS_DEPLOYMENT_TARGET = 13.6;
				MTL_ENABLE_DEBUG_INFO = NO;
				MTL_FAST_MATH = YES;
				SDKROOT = iphoneos;
				SWIFT_COMPILATION_MODE = wholemodule;
				SWIFT_OPTIMIZATION_LEVEL = "-O";
				VALIDATE_PRODUCT = YES;
			};
			name = Release;
		};
		D82DA09424CF4C7B00128CE0 /* Debug */ = {
			isa = XCBuildConfiguration;
			buildSettings = {
				ASSETCATALOG_COMPILER_APPICON_NAME = AppIcon;
				CODE_SIGN_STYLE = Automatic;
				DEVELOPMENT_TEAM = 26737ZM2UF;
				INFOPLIST_FILE = AlbumProgrammatic/Info.plist;
				LD_RUNPATH_SEARCH_PATHS = (
					"$(inherited)",
					"@executable_path/Frameworks",
				);
				PRODUCT_BUNDLE_IDENTIFIER = joaoJs.AlbumProgrammatic;
				PRODUCT_NAME = "$(TARGET_NAME)";
				SWIFT_VERSION = 5.0;
				TARGETED_DEVICE_FAMILY = "1,2";
			};
			name = Debug;
		};
		D82DA09524CF4C7B00128CE0 /* Release */ = {
			isa = XCBuildConfiguration;
			buildSettings = {
				ASSETCATALOG_COMPILER_APPICON_NAME = AppIcon;
				CODE_SIGN_STYLE = Automatic;
				DEVELOPMENT_TEAM = 26737ZM2UF;
				INFOPLIST_FILE = AlbumProgrammatic/Info.plist;
				LD_RUNPATH_SEARCH_PATHS = (
					"$(inherited)",
					"@executable_path/Frameworks",
				);
				PRODUCT_BUNDLE_IDENTIFIER = joaoJs.AlbumProgrammatic;
				PRODUCT_NAME = "$(TARGET_NAME)";
				SWIFT_VERSION = 5.0;
				TARGETED_DEVICE_FAMILY = "1,2";
			};
			name = Release;
		};
/* End XCBuildConfiguration section */

/* Begin XCConfigurationList section */
		D82DA07A24CF4C7900128CE0 /* Build configuration list for PBXProject "AlbumProgrammatic" */ = {
			isa = XCConfigurationList;
			buildConfigurations = (
				D82DA09124CF4C7B00128CE0 /* Debug */,
				D82DA09224CF4C7B00128CE0 /* Release */,
			);
			defaultConfigurationIsVisible = 0;
			defaultConfigurationName = Release;
		};
		D82DA09324CF4C7B00128CE0 /* Build configuration list for PBXNativeTarget "AlbumProgrammatic" */ = {
			isa = XCConfigurationList;
			buildConfigurations = (
				D82DA09424CF4C7B00128CE0 /* Debug */,
				D82DA09524CF4C7B00128CE0 /* Release */,
			);
			defaultConfigurationIsVisible = 0;
			defaultConfigurationName = Release;
		};
/* End XCConfigurationList section */
	};
	rootObject = D82DA07724CF4C7900128CE0 /* Project object */;
}
