// !$*UTF8*$!
{
	archiveVersion = 1;
	classes = {
	};
	objectVersion = 50;
	objects = {

/* Begin PBXBuildFile section */
		D82DA0AB24D0825A00128CE0 /* AppDelegate.swift in Sources */ = {isa = PBXBuildFile; fileRef = D82DA0AA24D0825A00128CE0 /* AppDelegate.swift */; };
		D82DA0AD24D0825A00128CE0 /* SceneDelegate.swift in Sources */ = {isa = PBXBuildFile; fileRef = D82DA0AC24D0825A00128CE0 /* SceneDelegate.swift */; };
		D82DA0B424D0825C00128CE0 /* Assets.xcassets in Resources */ = {isa = PBXBuildFile; fileRef = D82DA0B324D0825C00128CE0 /* Assets.xcassets */; };
		D82DA0B724D0825C00128CE0 /* LaunchScreen.storyboard in Resources */ = {isa = PBXBuildFile; fileRef = D82DA0B524D0825C00128CE0 /* LaunchScreen.storyboard */; };
		D82DA0BF24D0836700128CE0 /* TableViewController.swift in Sources */ = {isa = PBXBuildFile; fileRef = D82DA0BE24D0836700128CE0 /* TableViewController.swift */; };
		D82DA0C524D0847400128CE0 /* NumberModel.swift in Sources */ = {isa = PBXBuildFile; fileRef = D82DA0C424D0847400128CE0 /* NumberModel.swift */; };
		D82DA0C724D0858600128CE0 /* TableViewCell.swift in Sources */ = {isa = PBXBuildFile; fileRef = D82DA0C624D0858600128CE0 /* TableViewCell.swift */; };
		D82DA0C924D09A0200128CE0 /* Helpers.swift in Sources */ = {isa = PBXBuildFile; fileRef = D82DA0C824D09A0200128CE0 /* Helpers.swift */; };
/* End PBXBuildFile section */

/* Begin PBXFileReference section */
		D82DA0A724D0825A00128CE0 /* Programmatic.app */ = {isa = PBXFileReference; explicitFileType = wrapper.application; includeInIndex = 0; path = Programmatic.app; sourceTree = BUILT_PRODUCTS_DIR; };
		D82DA0AA24D0825A00128CE0 /* AppDelegate.swift */ = {isa = PBXFileReference; lastKnownFileType = sourcecode.swift; path = AppDelegate.swift; sourceTree = "<group>"; };
		D82DA0AC24D0825A00128CE0 /* SceneDelegate.swift */ = {isa = PBXFileReference; lastKnownFileType = sourcecode.swift; path = SceneDelegate.swift; sourceTree = "<group>"; };
		D82DA0B324D0825C00128CE0 /* Assets.xcassets */ = {isa = PBXFileReference; lastKnownFileType = folder.assetcatalog; path = Assets.xcassets; sourceTree = "<group>"; };
		D82DA0B624D0825C00128CE0 /* Base */ = {isa = PBXFileReference; lastKnownFileType = file.storyboard; name = Base; path = Base.lproj/LaunchScreen.storyboard; sourceTree = "<group>"; };
		D82DA0B824D0825C00128CE0 /* Info.plist */ = {isa = PBXFileReference; lastKnownFileType = text.plist.xml; path = Info.plist; sourceTree = "<group>"; };
		D82DA0BE24D0836700128CE0 /* TableViewController.swift */ = {isa = PBXFileReference; lastKnownFileType = sourcecode.swift; path = TableViewController.swift; sourceTree = "<group>"; };
		D82DA0C424D0847400128CE0 /* NumberModel.swift */ = {isa = PBXFileReference; lastKnownFileType = sourcecode.swift; path = NumberModel.swift; sourceTree = "<group>"; };
		D82DA0C624D0858600128CE0 /* TableViewCell.swift */ = {isa = PBXFileReference; lastKnownFileType = sourcecode.swift; path = TableViewCell.swift; sourceTree = "<group>"; };
		D82DA0C824D09A0200128CE0 /* Helpers.swift */ = {isa = PBXFileReference; lastKnownFileType = sourcecode.swift; path = Helpers.swift; sourceTree = "<group>"; };
/* End PBXFileReference section */

/* Begin PBXFrameworksBuildPhase section */
		D82DA0A424D0825A00128CE0 /* Frameworks */ = {
			isa = PBXFrameworksBuildPhase;
			buildActionMask = 2147483647;
			files = (
			);
			runOnlyForDeploymentPostprocessing = 0;
		};
/* End PBXFrameworksBuildPhase section */

/* Begin PBXGroup section */
		D82DA09E24D0825A00128CE0 = {
			isa = PBXGroup;
			children = (
				D82DA0A924D0825A00128CE0 /* Programmatic */,
				D82DA0A824D0825A00128CE0 /* Products */,
			);
			sourceTree = "<group>";
		};
		D82DA0A824D0825A00128CE0 /* Products */ = {
			isa = PBXGroup;
			children = (
				D82DA0A724D0825A00128CE0 /* Programmatic.app */,
			);
			name = Products;
			sourceTree = "<group>";
		};
		D82DA0A924D0825A00128CE0 /* Programmatic */ = {
			isa = PBXGroup;
			children = (
				D82DA0C324D0841A00128CE0 /* Utils */,
				D82DA0C224D0840000128CE0 /* ViewController */,
				D82DA0C124D083FA00128CE0 /* View */,
				D82DA0C024D083E300128CE0 /* Model */,
				D82DA0AA24D0825A00128CE0 /* AppDelegate.swift */,
				D82DA0AC24D0825A00128CE0 /* SceneDelegate.swift */,
				D82DA0B324D0825C00128CE0 /* Assets.xcassets */,
				D82DA0B524D0825C00128CE0 /* LaunchScreen.storyboard */,
				D82DA0B824D0825C00128CE0 /* Info.plist */,
			);
			path = Programmatic;
			sourceTree = "<group>";
		};
		D82DA0C024D083E300128CE0 /* Model */ = {
			isa = PBXGroup;
			children = (
				D82DA0C424D0847400128CE0 /* NumberModel.swift */,
			);
			path = Model;
			sourceTree = "<group>";
		};
		D82DA0C124D083FA00128CE0 /* View */ = {
			isa = PBXGroup;
			children = (
				D82DA0C624D0858600128CE0 /* TableViewCell.swift */,
			);
			path = View;
			sourceTree = "<group>";
		};
		D82DA0C224D0840000128CE0 /* ViewController */ = {
			isa = PBXGroup;
			children = (
				D82DA0BE24D0836700128CE0 /* TableViewController.swift */,
			);
			path = ViewController;
			sourceTree = "<group>";
		};
		D82DA0C324D0841A00128CE0 /* Utils */ = {
			isa = PBXGroup;
			children = (
				D82DA0C824D09A0200128CE0 /* Helpers.swift */,
			);
			path = Utils;
			sourceTree = "<group>";
		};
/* End PBXGroup section */

/* Begin PBXNativeTarget section */
		D82DA0A624D0825A00128CE0 /* Programmatic */ = {
			isa = PBXNativeTarget;
			buildConfigurationList = D82DA0BB24D0825C00128CE0 /* Build configuration list for PBXNativeTarget "Programmatic" */;
			buildPhases = (
				D82DA0A324D0825A00128CE0 /* Sources */,
				D82DA0A424D0825A00128CE0 /* Frameworks */,
				D82DA0A524D0825A00128CE0 /* Resources */,
			);
			buildRules = (
			);
			dependencies = (
			);
			name = Programmatic;
			productName = Programmatic;
			productReference = D82DA0A724D0825A00128CE0 /* Programmatic.app */;
			productType = "com.apple.product-type.application";
		};
/* End PBXNativeTarget section */

/* Begin PBXProject section */
		D82DA09F24D0825A00128CE0 /* Project object */ = {
			isa = PBXProject;
			attributes = {
				LastSwiftUpdateCheck = 1160;
				LastUpgradeCheck = 1160;
				ORGANIZATIONNAME = "Joao Campos";
				TargetAttributes = {
					D82DA0A624D0825A00128CE0 = {
						CreatedOnToolsVersion = 11.6;
					};
				};
			};
			buildConfigurationList = D82DA0A224D0825A00128CE0 /* Build configuration list for PBXProject "Programmatic" */;
			compatibilityVersion = "Xcode 9.3";
			developmentRegion = en;
			hasScannedForEncodings = 0;
			knownRegions = (
				en,
				Base,
			);
			mainGroup = D82DA09E24D0825A00128CE0;
			productRefGroup = D82DA0A824D0825A00128CE0 /* Products */;
			projectDirPath = "";
			projectRoot = "";
			targets = (
				D82DA0A624D0825A00128CE0 /* Programmatic */,
			);
		};
/* End PBXProject section */

/* Begin PBXResourcesBuildPhase section */
		D82DA0A524D0825A00128CE0 /* Resources */ = {
			isa = PBXResourcesBuildPhase;
			buildActionMask = 2147483647;
			files = (
				D82DA0B724D0825C00128CE0 /* LaunchScreen.storyboard in Resources */,
				D82DA0B424D0825C00128CE0 /* Assets.xcassets in Resources */,
			);
			runOnlyForDeploymentPostprocessing = 0;
		};
/* End PBXResourcesBuildPhase section */

/* Begin PBXSourcesBuildPhase section */
		D82DA0A324D0825A00128CE0 /* Sources */ = {
			isa = PBXSourcesBuildPhase;
			buildActionMask = 2147483647;
			files = (
				D82DA0C724D0858600128CE0 /* TableViewCell.swift in Sources */,
				D82DA0C924D09A0200128CE0 /* Helpers.swift in Sources */,
				D82DA0AB24D0825A00128CE0 /* AppDelegate.swift in Sources */,
				D82DA0BF24D0836700128CE0 /* TableViewController.swift in Sources */,
				D82DA0C524D0847400128CE0 /* NumberModel.swift in Sources */,
				D82DA0AD24D0825A00128CE0 /* SceneDelegate.swift in Sources */,
			);
			runOnlyForDeploymentPostprocessing = 0;
		};
/* End PBXSourcesBuildPhase section */

/* Begin PBXVariantGroup section */
		D82DA0B524D0825C00128CE0 /* LaunchScreen.storyboard */ = {
			isa = PBXVariantGroup;
			children = (
				D82DA0B624D0825C00128CE0 /* Base */,
			);
			name = LaunchScreen.storyboard;
			sourceTree = "<group>";
		};
/* End PBXVariantGroup section */

/* Begin XCBuildConfiguration section */
		D82DA0B924D0825C00128CE0 /* Debug */ = {
			isa = XCBuildConfiguration;
			buildSettings = {
				ALWAYS_SEARCH_USER_PATHS = NO;
				CLANG_ANALYZER_NONNULL = YES;
				CLANG_ANALYZER_NUMBER_OBJECT_CONVERSION = YES_AGGRESSIVE;
				CLANG_CXX_LANGUAGE_STANDARD = "gnu++14";
				CLANG_CXX_LIBRARY = "libc++";
				CLANG_ENABLE_MODULES = YES;
				CLANG_ENABLE_OBJC_ARC = YES;
				CLANG_ENABLE_OBJC_WEAK = YES;
				CLANG_WARN_BLOCK_CAPTURE_AUTORELEASING = YES;
				CLANG_WARN_BOOL_CONVERSION = YES;
				CLANG_WARN_COMMA = YES;
				CLANG_WARN_CONSTANT_CONVERSION = YES;
				CLANG_WARN_DEPRECATED_OBJC_IMPLEMENTATIONS = YES;
				CLANG_WARN_DIRECT_OBJC_ISA_USAGE = YES_ERROR;
				CLANG_WARN_DOCUMENTATION_COMMENTS = YES;
				CLANG_WARN_EMPTY_BODY = YES;
				CLANG_WARN_ENUM_CONVERSION = YES;
				CLANG_WARN_INFINITE_RECURSION = YES;
				CLANG_WARN_INT_CONVERSION = YES;
				CLANG_WARN_NON_LITERAL_NULL_CONVERSION = YES;
				CLANG_WARN_OBJC_IMPLICIT_RETAIN_SELF = YES;
				CLANG_WARN_OBJC_LITERAL_CONVERSION = YES;
				CLANG_WARN_OBJC_ROOT_CLASS = YES_ERROR;
				CLANG_WARN_RANGE_LOOP_ANALYSIS = YES;
				CLANG_WARN_STRICT_PROTOTYPES = YES;
				CLANG_WARN_SUSPICIOUS_MOVE = YES;
				CLANG_WARN_UNGUARDED_AVAILABILITY = YES_AGGRESSIVE;
				CLANG_WARN_UNREACHABLE_CODE = YES;
				CLANG_WARN__DUPLICATE_METHOD_MATCH = YES;
				COPY_PHASE_STRIP = NO;
				DEBUG_INFORMATION_FORMAT = dwarf;
				ENABLE_STRICT_OBJC_MSGSEND = YES;
				ENABLE_TESTABILITY = YES;
				GCC_C_LANGUAGE_STANDARD = gnu11;
				GCC_DYNAMIC_NO_PIC = NO;
				GCC_NO_COMMON_BLOCKS = YES;
				GCC_OPTIMIZATION_LEVEL = 0;
				GCC_PREPROCESSOR_DEFINITIONS = (
					"DEBUG=1",
					"$(inherited)",
				);
				GCC_WARN_64_TO_32_BIT_CONVERSION = YES;
				GCC_WARN_ABOUT_RETURN_TYPE = YES_ERROR;
				GCC_WARN_UNDECLARED_SELECTOR = YES;
				GCC_WARN_UNINITIALIZED_AUTOS = YES_AGGRESSIVE;
				GCC_WARN_UNUSED_FUNCTION = YES;
				GCC_WARN_UNUSED_VARIABLE = YES;
				IPHONEOS_DEPLOYMENT_TARGET = 13.6;
				MTL_ENABLE_DEBUG_INFO = INCLUDE_SOURCE;
				MTL_FAST_MATH = YES;
				ONLY_ACTIVE_ARCH = YES;
				SDKROOT = iphoneos;
				SWIFT_ACTIVE_COMPILATION_CONDITIONS = DEBUG;
				SWIFT_OPTIMIZATION_LEVEL = "-Onone";
			};
			name = Debug;
		};
		D82DA0BA24D0825C00128CE0 /* Release */ = {
			isa = XCBuildConfiguration;
			buildSettings = {
				ALWAYS_SEARCH_USER_PATHS = NO;
				CLANG_ANALYZER_NONNULL = YES;
				CLANG_ANALYZER_NUMBER_OBJECT_CONVERSION = YES_AGGRESSIVE;
				CLANG_CXX_LANGUAGE_STANDARD = "gnu++14";
				CLANG_CXX_LIBRARY = "libc++";
				CLANG_ENABLE_MODULES = YES;
				CLANG_ENABLE_OBJC_ARC = YES;
				CLANG_ENABLE_OBJC_WEAK = YES;
				CLANG_WARN_BLOCK_CAPTURE_AUTORELEASING = YES;
				CLANG_WARN_BOOL_CONVERSION = YES;
				CLANG_WARN_COMMA = YES;
				CLANG_WARN_CONSTANT_CONVERSION = YES;
				CLANG_WARN_DEPRECATED_OBJC_IMPLEMENTATIONS = YES;
				CLANG_WARN_DIRECT_OBJC_ISA_USAGE = YES_ERROR;
				CLANG_WARN_DOCUMENTATION_COMMENTS = YES;
				CLANG_WARN_EMPTY_BODY = YES;
				CLANG_WARN_ENUM_CONVERSION = YES;
				CLANG_WARN_INFINITE_RECURSION = YES;
				CLANG_WARN_INT_CONVERSION = YES;
				CLANG_WARN_NON_LITERAL_NULL_CONVERSION = YES;
				CLANG_WARN_OBJC_IMPLICIT_RETAIN_SELF = YES;
				CLANG_WARN_OBJC_LITERAL_CONVERSION = YES;
				CLANG_WARN_OBJC_ROOT_CLASS = YES_ERROR;
				CLANG_WARN_RANGE_LOOP_ANALYSIS = YES;
				CLANG_WARN_STRICT_PROTOTYPES = YES;
				CLANG_WARN_SUSPICIOUS_MOVE = YES;
				CLANG_WARN_UNGUARDED_AVAILABILITY = YES_AGGRESSIVE;
				CLANG_WARN_UNREACHABLE_CODE = YES;
				CLANG_WARN__DUPLICATE_METHOD_MATCH = YES;
				COPY_PHASE_STRIP = NO;
				DEBUG_INFORMATION_FORMAT = "dwarf-with-dsym";
				ENABLE_NS_ASSERTIONS = NO;
				ENABLE_STRICT_OBJC_MSGSEND = YES;
				GCC_C_LANGUAGE_STANDARD = gnu11;
				GCC_NO_COMMON_BLOCKS = YES;
				GCC_WARN_64_TO_32_BIT_CONVERSION = YES;
				GCC_WARN_ABOUT_RETURN_TYPE = YES_ERROR;
				GCC_WARN_UNDECLARED_SELECTOR = YES;
				GCC_WARN_UNINITIALIZED_AUTOS = YES_AGGRESSIVE;
				GCC_WARN_UNUSED_FUNCTION = YES;
				GCC_WARN_UNUSED_VARIABLE = YES;
				IPHONEOS_DEPLOYMENT_TARGET = 13.6;
				MTL_ENABLE_DEBUG_INFO = NO;
				MTL_FAST_MATH = YES;
				SDKROOT = iphoneos;
				SWIFT_COMPILATION_MODE = wholemodule;
				SWIFT_OPTIMIZATION_LEVEL = "-O";
				VALIDATE_PRODUCT = YES;
			};
			name = Release;
		};
		D82DA0BC24D0825C00128CE0 /* Debug */ = {
			isa = XCBuildConfiguration;
			buildSettings = {
				ASSETCATALOG_COMPILER_APPICON_NAME = AppIcon;
				CODE_SIGN_STYLE = Automatic;
				INFOPLIST_FILE = Programmatic/Info.plist;
				LD_RUNPATH_SEARCH_PATHS = (
					"$(inherited)",
					"@executable_path/Frameworks",
				);
				PRODUCT_BUNDLE_IDENTIFIER = joaoJs.Programmatic;
				PRODUCT_NAME = "$(TARGET_NAME)";
				SWIFT_VERSION = 5.0;
				TARGETED_DEVICE_FAMILY = "1,2";
			};
			name = Debug;
		};
		D82DA0BD24D0825C00128CE0 /* Release */ = {
			isa = XCBuildConfiguration;
			buildSettings = {
				ASSETCATALOG_COMPILER_APPICON_NAME = AppIcon;
				CODE_SIGN_STYLE = Automatic;
				INFOPLIST_FILE = Programmatic/Info.plist;
				LD_RUNPATH_SEARCH_PATHS = (
					"$(inherited)",
					"@executable_path/Frameworks",
				);
				PRODUCT_BUNDLE_IDENTIFIER = joaoJs.Programmatic;
				PRODUCT_NAME = "$(TARGET_NAME)";
				SWIFT_VERSION = 5.0;
				TARGETED_DEVICE_FAMILY = "1,2";
			};
			name = Release;
		};
/* End XCBuildConfiguration section */

/* Begin XCConfigurationList section */
		D82DA0A224D0825A00128CE0 /* Build configuration list for PBXProject "Programmatic" */ = {
			isa = XCConfigurationList;
			buildConfigurations = (
				D82DA0B924D0825C00128CE0 /* Debug */,
				D82DA0BA24D0825C00128CE0 /* Release */,
			);
			defaultConfigurationIsVisible = 0;
			defaultConfigurationName = Release;
		};
		D82DA0BB24D0825C00128CE0 /* Build configuration list for PBXNativeTarget "Programmatic" */ = {
			isa = XCConfigurationList;
			buildConfigurations = (
				D82DA0BC24D0825C00128CE0 /* Debug */,
				D82DA0BD24D0825C00128CE0 /* Release */,
			);
			defaultConfigurationIsVisible = 0;
			defaultConfigurationName = Release;
		};
/* End XCConfigurationList section */
	};
	rootObject = D82DA09F24D0825A00128CE0 /* Project object */;
}
