// !$*UTF8*$!
{
	archiveVersion = 1;
	classes = {
	};
	objectVersion = 50;
	objects = {

/* Begin PBXBuildFile section */
		D8A3564224E124AE00042347 /* AppDelegate.swift in Sources */ = {isa = PBXBuildFile; fileRef = D8A3564124E124AE00042347 /* AppDelegate.swift */; };
		D8A3564424E124AE00042347 /* SceneDelegate.swift in Sources */ = {isa = PBXBuildFile; fileRef = D8A3564324E124AE00042347 /* SceneDelegate.swift */; };
		D8A3564624E124AE00042347 /* ViewController.swift in Sources */ = {isa = PBXBuildFile; fileRef = D8A3564524E124AE00042347 /* ViewController.swift */; };
		D8A3564924E124AE00042347 /* Main.storyboard in Resources */ = {isa = PBXBuildFile; fileRef = D8A3564724E124AE00042347 /* Main.storyboard */; };
		D8A3564C24E124AE00042347 /* CoreDataFirst.xcdatamodeld in Sources */ = {isa = PBXBuildFile; fileRef = D8A3564A24E124AE00042347 /* CoreDataFirst.xcdatamodeld */; };
		D8A3564E24E124AF00042347 /* Assets.xcassets in Resources */ = {isa = PBXBuildFile; fileRef = D8A3564D24E124AF00042347 /* Assets.xcassets */; };
		D8A3565C24E1256A00042347 /* CollectionViewController.swift in Sources */ = {isa = PBXBuildFile; fileRef = D8A3565B24E1256A00042347 /* CollectionViewController.swift */; };
		D8A3566324E1272600042347 /* DetailViewController.swift in Sources */ = {isa = PBXBuildFile; fileRef = D8A3566224E1272600042347 /* DetailViewController.swift */; };
		D8A3566824E127A400042347 /* NetworkManager.swift in Sources */ = {isa = PBXBuildFile; fileRef = D8A3566724E127A400042347 /* NetworkManager.swift */; };
		D8A3566A24E127C000042347 /* NeworkManager.swift in Sources */ = {isa = PBXBuildFile; fileRef = D8A3566924E127C000042347 /* NeworkManager.swift */; };
		D8A3566C24E1285000042347 /* Album.swift in Sources */ = {isa = PBXBuildFile; fileRef = D8A3566B24E1285000042347 /* Album.swift */; };
		D8A3566E24E128DB00042347 /* MyCollectionViewCell.swift in Sources */ = {isa = PBXBuildFile; fileRef = D8A3566D24E128DB00042347 /* MyCollectionViewCell.swift */; };
		D8A3567024E129B500042347 /* UIView+Extension.swift in Sources */ = {isa = PBXBuildFile; fileRef = D8A3566F24E129B500042347 /* UIView+Extension.swift */; };
		D8A3567224E1306700042347 /* FavotritesDict.swift in Sources */ = {isa = PBXBuildFile; fileRef = D8A3567124E1306700042347 /* FavotritesDict.swift */; };
		D8A3567424E161BA00042347 /* GlobalContext.swift in Sources */ = {isa = PBXBuildFile; fileRef = D8A3567324E161BA00042347 /* GlobalContext.swift */; };
		D8EB37FD24E30A540034F6DC /* AlbumsFromCoreData.swift in Sources */ = {isa = PBXBuildFile; fileRef = D8EB37FC24E30A540034F6DC /* AlbumsFromCoreData.swift */; };
		D8EB37FF24E30FD40034F6DC /* GenresList.swift in Sources */ = {isa = PBXBuildFile; fileRef = D8EB37FE24E30FD40034F6DC /* GenresList.swift */; };
		D8EB380324E33E360034F6DC /* NetworkGeneric.swift in Sources */ = {isa = PBXBuildFile; fileRef = D8EB380224E33E360034F6DC /* NetworkGeneric.swift */; };
/* End PBXBuildFile section */

/* Begin PBXFileReference section */
		D8A3563E24E124AE00042347 /* CoreDataFirst.app */ = {isa = PBXFileReference; explicitFileType = wrapper.application; includeInIndex = 0; path = CoreDataFirst.app; sourceTree = BUILT_PRODUCTS_DIR; };
		D8A3564124E124AE00042347 /* AppDelegate.swift */ = {isa = PBXFileReference; lastKnownFileType = sourcecode.swift; path = AppDelegate.swift; sourceTree = "<group>"; };
		D8A3564324E124AE00042347 /* SceneDelegate.swift */ = {isa = PBXFileReference; lastKnownFileType = sourcecode.swift; path = SceneDelegate.swift; sourceTree = "<group>"; };
		D8A3564524E124AE00042347 /* ViewController.swift */ = {isa = PBXFileReference; lastKnownFileType = sourcecode.swift; path = ViewController.swift; sourceTree = "<group>"; };
		D8A3564824E124AE00042347 /* Base */ = {isa = PBXFileReference; lastKnownFileType = file.storyboard; name = Base; path = Base.lproj/Main.storyboard; sourceTree = "<group>"; };
		D8A3564B24E124AE00042347 /* CoreDataFirst.xcdatamodel */ = {isa = PBXFileReference; lastKnownFileType = wrapper.xcdatamodel; path = CoreDataFirst.xcdatamodel; sourceTree = "<group>"; };
		D8A3564D24E124AF00042347 /* Assets.xcassets */ = {isa = PBXFileReference; lastKnownFileType = folder.assetcatalog; path = Assets.xcassets; sourceTree = "<group>"; };
		D8A3565224E124AF00042347 /* Info.plist */ = {isa = PBXFileReference; lastKnownFileType = text.plist.xml; path = Info.plist; sourceTree = "<group>"; };
		D8A3565B24E1256A00042347 /* CollectionViewController.swift */ = {isa = PBXFileReference; lastKnownFileType = sourcecode.swift; path = CollectionViewController.swift; sourceTree = "<group>"; };
		D8A3566224E1272600042347 /* DetailViewController.swift */ = {isa = PBXFileReference; lastKnownFileType = sourcecode.swift; path = DetailViewController.swift; sourceTree = "<group>"; };
		D8A3566724E127A400042347 /* NetworkManager.swift */ = {isa = PBXFileReference; lastKnownFileType = sourcecode.swift; path = NetworkManager.swift; sourceTree = "<group>"; };
		D8A3566924E127C000042347 /* NeworkManager.swift */ = {isa = PBXFileReference; lastKnownFileType = sourcecode.swift; path = NeworkManager.swift; sourceTree = "<group>"; };
		D8A3566B24E1285000042347 /* Album.swift */ = {isa = PBXFileReference; lastKnownFileType = sourcecode.swift; path = Album.swift; sourceTree = "<group>"; };
		D8A3566D24E128DB00042347 /* MyCollectionViewCell.swift */ = {isa = PBXFileReference; lastKnownFileType = sourcecode.swift; path = MyCollectionViewCell.swift; sourceTree = "<group>"; };
		D8A3566F24E129B500042347 /* UIView+Extension.swift */ = {isa = PBXFileReference; lastKnownFileType = sourcecode.swift; path = "UIView+Extension.swift"; sourceTree = "<group>"; };
		D8A3567124E1306700042347 /* FavotritesDict.swift */ = {isa = PBXFileReference; lastKnownFileType = sourcecode.swift; path = FavotritesDict.swift; sourceTree = "<group>"; };
		D8A3567324E161BA00042347 /* GlobalContext.swift */ = {isa = PBXFileReference; lastKnownFileType = sourcecode.swift; path = GlobalContext.swift; sourceTree = "<group>"; };
		D8EB37FC24E30A540034F6DC /* AlbumsFromCoreData.swift */ = {isa = PBXFileReference; lastKnownFileType = sourcecode.swift; path = AlbumsFromCoreData.swift; sourceTree = "<group>"; };
		D8EB37FE24E30FD40034F6DC /* GenresList.swift */ = {isa = PBXFileReference; lastKnownFileType = sourcecode.swift; path = GenresList.swift; sourceTree = "<group>"; };
		D8EB380224E33E360034F6DC /* NetworkGeneric.swift */ = {isa = PBXFileReference; lastKnownFileType = sourcecode.swift; path = NetworkGeneric.swift; sourceTree = "<group>"; };
/* End PBXFileReference section */

/* Begin PBXFrameworksBuildPhase section */
		D8A3563B24E124AE00042347 /* Frameworks */ = {
			isa = PBXFrameworksBuildPhase;
			buildActionMask = 2147483647;
			files = (
			);
			runOnlyForDeploymentPostprocessing = 0;
		};
/* End PBXFrameworksBuildPhase section */

/* Begin PBXGroup section */
		D8A3563524E124AE00042347 = {
			isa = PBXGroup;
			children = (
				D8A3564024E124AE00042347 /* CoreDataFirst */,
				D8A3563F24E124AE00042347 /* Products */,
			);
			sourceTree = "<group>";
		};
		D8A3563F24E124AE00042347 /* Products */ = {
			isa = PBXGroup;
			children = (
				D8A3563E24E124AE00042347 /* CoreDataFirst.app */,
			);
			name = Products;
			sourceTree = "<group>";
		};
		D8A3564024E124AE00042347 /* CoreDataFirst */ = {
			isa = PBXGroup;
			children = (
				D8A3566624E1279300042347 /* Network */,
				D8A3565D24E125DB00042347 /* Utils */,
				D8A3565A24E124E000042347 /* Model */,
				D8A3565924E124DD00042347 /* View */,
				D8A3565824E124D500042347 /* ViewController */,
				D8A3564124E124AE00042347 /* AppDelegate.swift */,
				D8A3564324E124AE00042347 /* SceneDelegate.swift */,
				D8A3564524E124AE00042347 /* ViewController.swift */,
				D8A3564724E124AE00042347 /* Main.storyboard */,
				D8A3564D24E124AF00042347 /* Assets.xcassets */,
				D8A3565224E124AF00042347 /* Info.plist */,
				D8A3564A24E124AE00042347 /* CoreDataFirst.xcdatamodeld */,
			);
			path = CoreDataFirst;
			sourceTree = "<group>";
		};
		D8A3565824E124D500042347 /* ViewController */ = {
			isa = PBXGroup;
			children = (
				D8A3565B24E1256A00042347 /* CollectionViewController.swift */,
				D8A3566224E1272600042347 /* DetailViewController.swift */,
			);
			path = ViewController;
			sourceTree = "<group>";
		};
		D8A3565924E124DD00042347 /* View */ = {
			isa = PBXGroup;
			children = (
				D8A3566D24E128DB00042347 /* MyCollectionViewCell.swift */,
			);
			path = View;
			sourceTree = "<group>";
		};
		D8A3565A24E124E000042347 /* Model */ = {
			isa = PBXGroup;
			children = (
				D8A3566B24E1285000042347 /* Album.swift */,
			);
			path = Model;
			sourceTree = "<group>";
		};
		D8A3565D24E125DB00042347 /* Utils */ = {
			isa = PBXGroup;
			children = (
				D8A3566F24E129B500042347 /* UIView+Extension.swift */,
				D8A3567124E1306700042347 /* FavotritesDict.swift */,
				D8A3567324E161BA00042347 /* GlobalContext.swift */,
				D8EB37FC24E30A540034F6DC /* AlbumsFromCoreData.swift */,
				D8EB37FE24E30FD40034F6DC /* GenresList.swift */,
			);
			path = Utils;
			sourceTree = "<group>";
		};
		D8A3566624E1279300042347 /* Network */ = {
			isa = PBXGroup;
			children = (
				D8A3566724E127A400042347 /* NetworkManager.swift */,
				D8A3566924E127C000042347 /* NeworkManager.swift */,
				D8EB380224E33E360034F6DC /* NetworkGeneric.swift */,
			);
			path = Network;
			sourceTree = "<group>";
		};
/* End PBXGroup section */

/* Begin PBXNativeTarget section */
		D8A3563D24E124AE00042347 /* CoreDataFirst */ = {
			isa = PBXNativeTarget;
			buildConfigurationList = D8A3565524E124AF00042347 /* Build configuration list for PBXNativeTarget "CoreDataFirst" */;
			buildPhases = (
				D8A3563A24E124AE00042347 /* Sources */,
				D8A3563B24E124AE00042347 /* Frameworks */,
				D8A3563C24E124AE00042347 /* Resources */,
			);
			buildRules = (
			);
			dependencies = (
			);
			name = CoreDataFirst;
			productName = CoreDataFirst;
			productReference = D8A3563E24E124AE00042347 /* CoreDataFirst.app */;
			productType = "com.apple.product-type.application";
		};
/* End PBXNativeTarget section */

/* Begin PBXProject section */
		D8A3563624E124AE00042347 /* Project object */ = {
			isa = PBXProject;
			attributes = {
				LastSwiftUpdateCheck = 1160;
				LastUpgradeCheck = 1160;
				ORGANIZATIONNAME = "Joao Campos";
				TargetAttributes = {
					D8A3563D24E124AE00042347 = {
						CreatedOnToolsVersion = 11.6;
					};
				};
			};
			buildConfigurationList = D8A3563924E124AE00042347 /* Build configuration list for PBXProject "CoreDataFirst" */;
			compatibilityVersion = "Xcode 9.3";
			developmentRegion = en;
			hasScannedForEncodings = 0;
			knownRegions = (
				en,
				Base,
			);
			mainGroup = D8A3563524E124AE00042347;
			productRefGroup = D8A3563F24E124AE00042347 /* Products */;
			projectDirPath = "";
			projectRoot = "";
			targets = (
				D8A3563D24E124AE00042347 /* CoreDataFirst */,
			);
		};
/* End PBXProject section */

/* Begin PBXResourcesBuildPhase section */
		D8A3563C24E124AE00042347 /* Resources */ = {
			isa = PBXResourcesBuildPhase;
			buildActionMask = 2147483647;
			files = (
				D8A3564E24E124AF00042347 /* Assets.xcassets in Resources */,
				D8A3564924E124AE00042347 /* Main.storyboard in Resources */,
			);
			runOnlyForDeploymentPostprocessing = 0;
		};
/* End PBXResourcesBuildPhase section */

/* Begin PBXSourcesBuildPhase section */
		D8A3563A24E124AE00042347 /* Sources */ = {
			isa = PBXSourcesBuildPhase;
			buildActionMask = 2147483647;
			files = (
				D8A3566E24E128DB00042347 /* MyCollectionViewCell.swift in Sources */,
				D8A3564624E124AE00042347 /* ViewController.swift in Sources */,
				D8A3567224E1306700042347 /* FavotritesDict.swift in Sources */,
				D8EB37FF24E30FD40034F6DC /* GenresList.swift in Sources */,
				D8A3566824E127A400042347 /* NetworkManager.swift in Sources */,
				D8A3564C24E124AE00042347 /* CoreDataFirst.xcdatamodeld in Sources */,
				D8EB380324E33E360034F6DC /* NetworkGeneric.swift in Sources */,
				D8A3564224E124AE00042347 /* AppDelegate.swift in Sources */,
				D8A3567024E129B500042347 /* UIView+Extension.swift in Sources */,
				D8A3564424E124AE00042347 /* SceneDelegate.swift in Sources */,
				D8EB37FD24E30A540034F6DC /* AlbumsFromCoreData.swift in Sources */,
				D8A3565C24E1256A00042347 /* CollectionViewController.swift in Sources */,
				D8A3566C24E1285000042347 /* Album.swift in Sources */,
				D8A3566A24E127C000042347 /* NeworkManager.swift in Sources */,
				D8A3566324E1272600042347 /* DetailViewController.swift in Sources */,
				D8A3567424E161BA00042347 /* GlobalContext.swift in Sources */,
			);
			runOnlyForDeploymentPostprocessing = 0;
		};
/* End PBXSourcesBuildPhase section */

/* Begin PBXVariantGroup section */
		D8A3564724E124AE00042347 /* Main.storyboard */ = {
			isa = PBXVariantGroup;
			children = (
				D8A3564824E124AE00042347 /* Base */,
			);
			name = Main.storyboard;
			sourceTree = "<group>";
		};
/* End PBXVariantGroup section */

/* Begin XCBuildConfiguration section */
		D8A3565324E124AF00042347 /* Debug */ = {
			isa = XCBuildConfiguration;
			buildSettings = {
				ALWAYS_SEARCH_USER_PATHS = NO;
				CLANG_ANALYZER_NONNULL = YES;
				CLANG_ANALYZER_NUMBER_OBJECT_CONVERSION = YES_AGGRESSIVE;
				CLANG_CXX_LANGUAGE_STANDARD = "gnu++14";
				CLANG_CXX_LIBRARY = "libc++";
				CLANG_ENABLE_MODULES = YES;
				CLANG_ENABLE_OBJC_ARC = YES;
				CLANG_ENABLE_OBJC_WEAK = YES;
				CLANG_WARN_BLOCK_CAPTURE_AUTORELEASING = YES;
				CLANG_WARN_BOOL_CONVERSION = YES;
				CLANG_WARN_COMMA = YES;
				CLANG_WARN_CONSTANT_CONVERSION = YES;
				CLANG_WARN_DEPRECATED_OBJC_IMPLEMENTATIONS = YES;
				CLANG_WARN_DIRECT_OBJC_ISA_USAGE = YES_ERROR;
				CLANG_WARN_DOCUMENTATION_COMMENTS = YES;
				CLANG_WARN_EMPTY_BODY = YES;
				CLANG_WARN_ENUM_CONVERSION = YES;
				CLANG_WARN_INFINITE_RECURSION = YES;
				CLANG_WARN_INT_CONVERSION = YES;
				CLANG_WARN_NON_LITERAL_NULL_CONVERSION = YES;
				CLANG_WARN_OBJC_IMPLICIT_RETAIN_SELF = YES;
				CLANG_WARN_OBJC_LITERAL_CONVERSION = YES;
				CLANG_WARN_OBJC_ROOT_CLASS = YES_ERROR;
				CLANG_WARN_RANGE_LOOP_ANALYSIS = YES;
				CLANG_WARN_STRICT_PROTOTYPES = YES;
				CLANG_WARN_SUSPICIOUS_MOVE = YES;
				CLANG_WARN_UNGUARDED_AVAILABILITY = YES_AGGRESSIVE;
				CLANG_WARN_UNREACHABLE_CODE = YES;
				CLANG_WARN__DUPLICATE_METHOD_MATCH = YES;
				COPY_PHASE_STRIP = NO;
				DEBUG_INFORMATION_FORMAT = dwarf;
				ENABLE_STRICT_OBJC_MSGSEND = YES;
				ENABLE_TESTABILITY = YES;
				GCC_C_LANGUAGE_STANDARD = gnu11;
				GCC_DYNAMIC_NO_PIC = NO;
				GCC_NO_COMMON_BLOCKS = YES;
				GCC_OPTIMIZATION_LEVEL = 0;
				GCC_PREPROCESSOR_DEFINITIONS = (
					"DEBUG=1",
					"$(inherited)",
				);
				GCC_WARN_64_TO_32_BIT_CONVERSION = YES;
				GCC_WARN_ABOUT_RETURN_TYPE = YES_ERROR;
				GCC_WARN_UNDECLARED_SELECTOR = YES;
				GCC_WARN_UNINITIALIZED_AUTOS = YES_AGGRESSIVE;
				GCC_WARN_UNUSED_FUNCTION = YES;
				GCC_WARN_UNUSED_VARIABLE = YES;
				IPHONEOS_DEPLOYMENT_TARGET = 13.6;
				MTL_ENABLE_DEBUG_INFO = INCLUDE_SOURCE;
				MTL_FAST_MATH = YES;
				ONLY_ACTIVE_ARCH = YES;
				SDKROOT = iphoneos;
				SWIFT_ACTIVE_COMPILATION_CONDITIONS = DEBUG;
				SWIFT_OPTIMIZATION_LEVEL = "-Onone";
			};
			name = Debug;
		};
		D8A3565424E124AF00042347 /* Release */ = {
			isa = XCBuildConfiguration;
			buildSettings = {
				ALWAYS_SEARCH_USER_PATHS = NO;
				CLANG_ANALYZER_NONNULL = YES;
				CLANG_ANALYZER_NUMBER_OBJECT_CONVERSION = YES_AGGRESSIVE;
				CLANG_CXX_LANGUAGE_STANDARD = "gnu++14";
				CLANG_CXX_LIBRARY = "libc++";
				CLANG_ENABLE_MODULES = YES;
				CLANG_ENABLE_OBJC_ARC = YES;
				CLANG_ENABLE_OBJC_WEAK = YES;
				CLANG_WARN_BLOCK_CAPTURE_AUTORELEASING = YES;
				CLANG_WARN_BOOL_CONVERSION = YES;
				CLANG_WARN_COMMA = YES;
				CLANG_WARN_CONSTANT_CONVERSION = YES;
				CLANG_WARN_DEPRECATED_OBJC_IMPLEMENTATIONS = YES;
				CLANG_WARN_DIRECT_OBJC_ISA_USAGE = YES_ERROR;
				CLANG_WARN_DOCUMENTATION_COMMENTS = YES;
				CLANG_WARN_EMPTY_BODY = YES;
				CLANG_WARN_ENUM_CONVERSION = YES;
				CLANG_WARN_INFINITE_RECURSION = YES;
				CLANG_WARN_INT_CONVERSION = YES;
				CLANG_WARN_NON_LITERAL_NULL_CONVERSION = YES;
				CLANG_WARN_OBJC_IMPLICIT_RETAIN_SELF = YES;
				CLANG_WARN_OBJC_LITERAL_CONVERSION = YES;
				CLANG_WARN_OBJC_ROOT_CLASS = YES_ERROR;
				CLANG_WARN_RANGE_LOOP_ANALYSIS = YES;
				CLANG_WARN_STRICT_PROTOTYPES = YES;
				CLANG_WARN_SUSPICIOUS_MOVE = YES;
				CLANG_WARN_UNGUARDED_AVAILABILITY = YES_AGGRESSIVE;
				CLANG_WARN_UNREACHABLE_CODE = YES;
				CLANG_WARN__DUPLICATE_METHOD_MATCH = YES;
				COPY_PHASE_STRIP = NO;
				DEBUG_INFORMATION_FORMAT = "dwarf-with-dsym";
				ENABLE_NS_ASSERTIONS = NO;
				ENABLE_STRICT_OBJC_MSGSEND = YES;
				GCC_C_LANGUAGE_STANDARD = gnu11;
				GCC_NO_COMMON_BLOCKS = YES;
				GCC_WARN_64_TO_32_BIT_CONVERSION = YES;
				GCC_WARN_ABOUT_RETURN_TYPE = YES_ERROR;
				GCC_WARN_UNDECLARED_SELECTOR = YES;
				GCC_WARN_UNINITIALIZED_AUTOS = YES_AGGRESSIVE;
				GCC_WARN_UNUSED_FUNCTION = YES;
				GCC_WARN_UNUSED_VARIABLE = YES;
				IPHONEOS_DEPLOYMENT_TARGET = 13.6;
				MTL_ENABLE_DEBUG_INFO = NO;
				MTL_FAST_MATH = YES;
				SDKROOT = iphoneos;
				SWIFT_COMPILATION_MODE = wholemodule;
				SWIFT_OPTIMIZATION_LEVEL = "-O";
				VALIDATE_PRODUCT = YES;
			};
			name = Release;
		};
		D8A3565624E124AF00042347 /* Debug */ = {
			isa = XCBuildConfiguration;
			buildSettings = {
				ASSETCATALOG_COMPILER_APPICON_NAME = AppIcon;
				CODE_SIGN_STYLE = Automatic;
				INFOPLIST_FILE = CoreDataFirst/Info.plist;
				LD_RUNPATH_SEARCH_PATHS = (
					"$(inherited)",
					"@executable_path/Frameworks",
				);
				PRODUCT_BUNDLE_IDENTIFIER = joaoJs.CoreDataFirst;
				PRODUCT_NAME = "$(TARGET_NAME)";
				SWIFT_VERSION = 5.0;
				TARGETED_DEVICE_FAMILY = "1,2";
			};
			name = Debug;
		};
		D8A3565724E124AF00042347 /* Release */ = {
			isa = XCBuildConfiguration;
			buildSettings = {
				ASSETCATALOG_COMPILER_APPICON_NAME = AppIcon;
				CODE_SIGN_STYLE = Automatic;
				INFOPLIST_FILE = CoreDataFirst/Info.plist;
				LD_RUNPATH_SEARCH_PATHS = (
					"$(inherited)",
					"@executable_path/Frameworks",
				);
				PRODUCT_BUNDLE_IDENTIFIER = joaoJs.CoreDataFirst;
				PRODUCT_NAME = "$(TARGET_NAME)";
				SWIFT_VERSION = 5.0;
				TARGETED_DEVICE_FAMILY = "1,2";
			};
			name = Release;
		};
/* End XCBuildConfiguration section */

/* Begin XCConfigurationList section */
		D8A3563924E124AE00042347 /* Build configuration list for PBXProject "CoreDataFirst" */ = {
			isa = XCConfigurationList;
			buildConfigurations = (
				D8A3565324E124AF00042347 /* Debug */,
				D8A3565424E124AF00042347 /* Release */,
			);
			defaultConfigurationIsVisible = 0;
			defaultConfigurationName = Release;
		};
		D8A3565524E124AF00042347 /* Build configuration list for PBXNativeTarget "CoreDataFirst" */ = {
			isa = XCConfigurationList;
			buildConfigurations = (
				D8A3565624E124AF00042347 /* Debug */,
				D8A3565724E124AF00042347 /* Release */,
			);
			defaultConfigurationIsVisible = 0;
			defaultConfigurationName = Release;
		};
/* End XCConfigurationList section */

/* Begin XCVersionGroup section */
		D8A3564A24E124AE00042347 /* CoreDataFirst.xcdatamodeld */ = {
			isa = XCVersionGroup;
			children = (
				D8A3564B24E124AE00042347 /* CoreDataFirst.xcdatamodel */,
			);
			currentVersion = D8A3564B24E124AE00042347 /* CoreDataFirst.xcdatamodel */;
			path = CoreDataFirst.xcdatamodeld;
			sourceTree = "<group>";
			versionGroupType = wrapper.xcdatamodel;
		};
/* End XCVersionGroup section */
	};
	rootObject = D8A3563624E124AE00042347 /* Project object */;
}
