// !$*UTF8*$!
{
	archiveVersion = 1;
	classes = {
	};
	objectVersion = 50;
	objects = {

/* Begin PBXBuildFile section */
		D8EB38FF24F011490034F6DC /* MusicAlbums.xcdatamodeld in Sources */ = {isa = PBXBuildFile; fileRef = D8EB38FD24F011490034F6DC /* MusicAlbums.xcdatamodeld */; };
		D8EB390124F0114E0034F6DC /* Assets.xcassets in Resources */ = {isa = PBXBuildFile; fileRef = D8EB390024F0114E0034F6DC /* Assets.xcassets */; };
		D8EB390424F0114E0034F6DC /* LaunchScreen.storyboard in Resources */ = {isa = PBXBuildFile; fileRef = D8EB390224F0114E0034F6DC /* LaunchScreen.storyboard */; };
		D8EB391224F012EE0034F6DC /* main.m in Sources */ = {isa = PBXBuildFile; fileRef = D8EB391124F012EE0034F6DC /* main.m */; };
		D8EB391724F013B70034F6DC /* AppDelegate.m in Sources */ = {isa = PBXBuildFile; fileRef = D8EB391624F013B70034F6DC /* AppDelegate.m */; };
		D8EB391A24F14B910034F6DC /* ResponseObj.m in Sources */ = {isa = PBXBuildFile; fileRef = D8EB391924F14B910034F6DC /* ResponseObj.m */; };
		D8EB392024F159A30034F6DC /* Pokemon.m in Sources */ = {isa = PBXBuildFile; fileRef = D8EB391F24F159A30034F6DC /* Pokemon.m */; };
		D8EB392324F15BA90034F6DC /* ViewController.m in Sources */ = {isa = PBXBuildFile; fileRef = D8EB392224F15BA90034F6DC /* ViewController.m */; };
		D8EB392624F15C670034F6DC /* PokeCell.m in Sources */ = {isa = PBXBuildFile; fileRef = D8EB392524F15C670034F6DC /* PokeCell.m */; };
		D8EB392824F161F30034F6DC /* PokemonViewModel.swift in Sources */ = {isa = PBXBuildFile; fileRef = D8EB392724F161F30034F6DC /* PokemonViewModel.swift */; };
		D8EB392B24F1635A0034F6DC /* NetworkManager.m in Sources */ = {isa = PBXBuildFile; fileRef = D8EB392A24F1635A0034F6DC /* NetworkManager.m */; };
		D8EB392E24F16E360034F6DC /* SceneDelegate.m in Sources */ = {isa = PBXBuildFile; fileRef = D8EB392D24F16E360034F6DC /* SceneDelegate.m */; };
		D8EB393124F17E350034F6DC /* Form.m in Sources */ = {isa = PBXBuildFile; fileRef = D8EB393024F17E350034F6DC /* Form.m */; };
		D8EB393924F28EC20034F6DC /* MusicAlbumsTests.swift in Sources */ = {isa = PBXBuildFile; fileRef = D8EB393824F28EC20034F6DC /* MusicAlbumsTests.swift */; };
/* End PBXBuildFile section */

/* Begin PBXContainerItemProxy section */
		D8EB393B24F28EC20034F6DC /* PBXContainerItemProxy */ = {
			isa = PBXContainerItemProxy;
			containerPortal = D8EB38E924F011490034F6DC /* Project object */;
			proxyType = 1;
			remoteGlobalIDString = D8EB38F024F011490034F6DC;
			remoteInfo = MusicAlbums;
		};
/* End PBXContainerItemProxy section */

/* Begin PBXFileReference section */
		D8EB38F124F011490034F6DC /* MusicAlbums.app */ = {isa = PBXFileReference; explicitFileType = wrapper.application; includeInIndex = 0; path = MusicAlbums.app; sourceTree = BUILT_PRODUCTS_DIR; };
		D8EB38FE24F011490034F6DC /* MusicAlbums.xcdatamodel */ = {isa = PBXFileReference; lastKnownFileType = wrapper.xcdatamodel; path = MusicAlbums.xcdatamodel; sourceTree = "<group>"; };
		D8EB390024F0114E0034F6DC /* Assets.xcassets */ = {isa = PBXFileReference; lastKnownFileType = folder.assetcatalog; path = Assets.xcassets; sourceTree = "<group>"; };
		D8EB390324F0114E0034F6DC /* Base */ = {isa = PBXFileReference; lastKnownFileType = file.storyboard; name = Base; path = Base.lproj/LaunchScreen.storyboard; sourceTree = "<group>"; };
		D8EB390524F0114E0034F6DC /* Info.plist */ = {isa = PBXFileReference; lastKnownFileType = text.plist.xml; path = Info.plist; sourceTree = "<group>"; };
		D8EB391024F012EE0034F6DC /* MusicAlbums-Bridging-Header.h */ = {isa = PBXFileReference; lastKnownFileType = sourcecode.c.h; path = "MusicAlbums-Bridging-Header.h"; sourceTree = "<group>"; };
		D8EB391124F012EE0034F6DC /* main.m */ = {isa = PBXFileReference; lastKnownFileType = sourcecode.c.objc; path = main.m; sourceTree = "<group>"; };
		D8EB391524F013A40034F6DC /* AppDelegate.h */ = {isa = PBXFileReference; lastKnownFileType = sourcecode.c.h; path = AppDelegate.h; sourceTree = "<group>"; };
		D8EB391624F013B70034F6DC /* AppDelegate.m */ = {isa = PBXFileReference; lastKnownFileType = sourcecode.c.objc; path = AppDelegate.m; sourceTree = "<group>"; };
		D8EB391824F14B840034F6DC /* ResponseObj.h */ = {isa = PBXFileReference; lastKnownFileType = sourcecode.c.h; path = ResponseObj.h; sourceTree = "<group>"; };
		D8EB391924F14B910034F6DC /* ResponseObj.m */ = {isa = PBXFileReference; lastKnownFileType = sourcecode.c.objc; path = ResponseObj.m; sourceTree = "<group>"; };
		D8EB391E24F159990034F6DC /* Pokemon.h */ = {isa = PBXFileReference; lastKnownFileType = sourcecode.c.h; path = Pokemon.h; sourceTree = "<group>"; };
		D8EB391F24F159A30034F6DC /* Pokemon.m */ = {isa = PBXFileReference; lastKnownFileType = sourcecode.c.objc; path = Pokemon.m; sourceTree = "<group>"; };
		D8EB392124F15B860034F6DC /* ViewController.h */ = {isa = PBXFileReference; lastKnownFileType = sourcecode.c.h; path = ViewController.h; sourceTree = "<group>"; };
		D8EB392224F15BA90034F6DC /* ViewController.m */ = {isa = PBXFileReference; lastKnownFileType = sourcecode.c.objc; path = ViewController.m; sourceTree = "<group>"; };
		D8EB392424F15C260034F6DC /* PokeCell.h */ = {isa = PBXFileReference; lastKnownFileType = sourcecode.c.h; path = PokeCell.h; sourceTree = "<group>"; };
		D8EB392524F15C670034F6DC /* PokeCell.m */ = {isa = PBXFileReference; lastKnownFileType = sourcecode.c.objc; path = PokeCell.m; sourceTree = "<group>"; };
		D8EB392724F161F30034F6DC /* PokemonViewModel.swift */ = {isa = PBXFileReference; lastKnownFileType = sourcecode.swift; path = PokemonViewModel.swift; sourceTree = "<group>"; };
		D8EB392924F1628E0034F6DC /* NetworkManager.h */ = {isa = PBXFileReference; lastKnownFileType = sourcecode.c.h; path = NetworkManager.h; sourceTree = "<group>"; };
		D8EB392A24F1635A0034F6DC /* NetworkManager.m */ = {isa = PBXFileReference; lastKnownFileType = sourcecode.c.objc; path = NetworkManager.m; sourceTree = "<group>"; };
		D8EB392C24F16E1B0034F6DC /* SceneDelegate.h */ = {isa = PBXFileReference; lastKnownFileType = sourcecode.c.h; path = SceneDelegate.h; sourceTree = "<group>"; };
		D8EB392D24F16E360034F6DC /* SceneDelegate.m */ = {isa = PBXFileReference; lastKnownFileType = sourcecode.c.objc; path = SceneDelegate.m; sourceTree = "<group>"; };
		D8EB392F24F17E2D0034F6DC /* Form.h */ = {isa = PBXFileReference; lastKnownFileType = sourcecode.c.h; path = Form.h; sourceTree = "<group>"; };
		D8EB393024F17E350034F6DC /* Form.m */ = {isa = PBXFileReference; lastKnownFileType = sourcecode.c.objc; path = Form.m; sourceTree = "<group>"; };
		D8EB393624F28EC20034F6DC /* MusicAlbumsTests.xctest */ = {isa = PBXFileReference; explicitFileType = wrapper.cfbundle; includeInIndex = 0; path = MusicAlbumsTests.xctest; sourceTree = BUILT_PRODUCTS_DIR; };
		D8EB393824F28EC20034F6DC /* MusicAlbumsTests.swift */ = {isa = PBXFileReference; lastKnownFileType = sourcecode.swift; path = MusicAlbumsTests.swift; sourceTree = "<group>"; };
		D8EB393A24F28EC20034F6DC /* Info.plist */ = {isa = PBXFileReference; lastKnownFileType = text.plist.xml; path = Info.plist; sourceTree = "<group>"; };
/* End PBXFileReference section */

/* Begin PBXFrameworksBuildPhase section */
		D8EB38EE24F011490034F6DC /* Frameworks */ = {
			isa = PBXFrameworksBuildPhase;
			buildActionMask = 2147483647;
			files = (
			);
			runOnlyForDeploymentPostprocessing = 0;
		};
		D8EB393324F28EC20034F6DC /* Frameworks */ = {
			isa = PBXFrameworksBuildPhase;
			buildActionMask = 2147483647;
			files = (
			);
			runOnlyForDeploymentPostprocessing = 0;
		};
/* End PBXFrameworksBuildPhase section */

/* Begin PBXGroup section */
		D8EB38E824F011490034F6DC = {
			isa = PBXGroup;
			children = (
				D8EB38F324F011490034F6DC /* MusicAlbums */,
				D8EB393724F28EC20034F6DC /* MusicAlbumsTests */,
				D8EB38F224F011490034F6DC /* Products */,
			);
			sourceTree = "<group>";
		};
		D8EB38F224F011490034F6DC /* Products */ = {
			isa = PBXGroup;
			children = (
				D8EB38F124F011490034F6DC /* MusicAlbums.app */,
				D8EB393624F28EC20034F6DC /* MusicAlbumsTests.xctest */,
			);
			name = Products;
			sourceTree = "<group>";
		};
		D8EB38F324F011490034F6DC /* MusicAlbums */ = {
			isa = PBXGroup;
			children = (
				D8EB391024F012EE0034F6DC /* MusicAlbums-Bridging-Header.h */,
				D8EB390F24F0118D0034F6DC /* Service */,
				D8EB390E24F011860034F6DC /* ViewController */,
				D8EB390D24F011730034F6DC /* ViewModel */,
				D8EB390C24F011700034F6DC /* View */,
				D8EB390B24F0116C0034F6DC /* Model */,
				D8EB390024F0114E0034F6DC /* Assets.xcassets */,
				D8EB390224F0114E0034F6DC /* LaunchScreen.storyboard */,
				D8EB390524F0114E0034F6DC /* Info.plist */,
				D8EB38FD24F011490034F6DC /* MusicAlbums.xcdatamodeld */,
				D8EB391124F012EE0034F6DC /* main.m */,
				D8EB391524F013A40034F6DC /* AppDelegate.h */,
				D8EB391624F013B70034F6DC /* AppDelegate.m */,
				D8EB392C24F16E1B0034F6DC /* SceneDelegate.h */,
				D8EB392D24F16E360034F6DC /* SceneDelegate.m */,
			);
			path = MusicAlbums;
			sourceTree = "<group>";
		};
		D8EB390B24F0116C0034F6DC /* Model */ = {
			isa = PBXGroup;
			children = (
				D8EB391824F14B840034F6DC /* ResponseObj.h */,
				D8EB391924F14B910034F6DC /* ResponseObj.m */,
				D8EB391E24F159990034F6DC /* Pokemon.h */,
				D8EB391F24F159A30034F6DC /* Pokemon.m */,
				D8EB392F24F17E2D0034F6DC /* Form.h */,
				D8EB393024F17E350034F6DC /* Form.m */,
			);
			path = Model;
			sourceTree = "<group>";
		};
		D8EB390C24F011700034F6DC /* View */ = {
			isa = PBXGroup;
			children = (
				D8EB392424F15C260034F6DC /* PokeCell.h */,
				D8EB392524F15C670034F6DC /* PokeCell.m */,
			);
			path = View;
			sourceTree = "<group>";
		};
		D8EB390D24F011730034F6DC /* ViewModel */ = {
			isa = PBXGroup;
			children = (
				D8EB392724F161F30034F6DC /* PokemonViewModel.swift */,
			);
			path = ViewModel;
			sourceTree = "<group>";
		};
		D8EB390E24F011860034F6DC /* ViewController */ = {
			isa = PBXGroup;
			children = (
				D8EB392124F15B860034F6DC /* ViewController.h */,
				D8EB392224F15BA90034F6DC /* ViewController.m */,
			);
			path = ViewController;
			sourceTree = "<group>";
		};
		D8EB390F24F0118D0034F6DC /* Service */ = {
			isa = PBXGroup;
			children = (
				D8EB392924F1628E0034F6DC /* NetworkManager.h */,
				D8EB392A24F1635A0034F6DC /* NetworkManager.m */,
			);
			path = Service;
			sourceTree = "<group>";
		};
		D8EB393724F28EC20034F6DC /* MusicAlbumsTests */ = {
			isa = PBXGroup;
			children = (
				D8EB393824F28EC20034F6DC /* MusicAlbumsTests.swift */,
				D8EB393A24F28EC20034F6DC /* Info.plist */,
			);
			path = MusicAlbumsTests;
			sourceTree = "<group>";
		};
/* End PBXGroup section */

/* Begin PBXNativeTarget section */
		D8EB38F024F011490034F6DC /* MusicAlbums */ = {
			isa = PBXNativeTarget;
			buildConfigurationList = D8EB390824F0114E0034F6DC /* Build configuration list for PBXNativeTarget "MusicAlbums" */;
			buildPhases = (
				D8EB38ED24F011490034F6DC /* Sources */,
				D8EB38EE24F011490034F6DC /* Frameworks */,
				D8EB38EF24F011490034F6DC /* Resources */,
			);
			buildRules = (
			);
			dependencies = (
			);
			name = MusicAlbums;
			productName = MusicAlbums;
			productReference = D8EB38F124F011490034F6DC /* MusicAlbums.app */;
			productType = "com.apple.product-type.application";
		};
		D8EB393524F28EC20034F6DC /* MusicAlbumsTests */ = {
			isa = PBXNativeTarget;
			buildConfigurationList = D8EB393D24F28EC20034F6DC /* Build configuration list for PBXNativeTarget "MusicAlbumsTests" */;
			buildPhases = (
				D8EB393224F28EC20034F6DC /* Sources */,
				D8EB393324F28EC20034F6DC /* Frameworks */,
				D8EB393424F28EC20034F6DC /* Resources */,
			);
			buildRules = (
			);
			dependencies = (
				D8EB393C24F28EC20034F6DC /* PBXTargetDependency */,
			);
			name = MusicAlbumsTests;
			productName = MusicAlbumsTests;
			productReference = D8EB393624F28EC20034F6DC /* MusicAlbumsTests.xctest */;
			productType = "com.apple.product-type.bundle.unit-test";
		};
/* End PBXNativeTarget section */

/* Begin PBXProject section */
		D8EB38E924F011490034F6DC /* Project object */ = {
			isa = PBXProject;
			attributes = {
				LastSwiftUpdateCheck = 1160;
				LastUpgradeCheck = 1160;
				ORGANIZATIONNAME = "Joao Campos";
				TargetAttributes = {
					D8EB38F024F011490034F6DC = {
						CreatedOnToolsVersion = 11.6;
						LastSwiftMigration = 1160;
					};
					D8EB393524F28EC20034F6DC = {
						CreatedOnToolsVersion = 11.6;
						TestTargetID = D8EB38F024F011490034F6DC;
					};
				};
			};
			buildConfigurationList = D8EB38EC24F011490034F6DC /* Build configuration list for PBXProject "MusicAlbums" */;
			compatibilityVersion = "Xcode 9.3";
			developmentRegion = en;
			hasScannedForEncodings = 0;
			knownRegions = (
				en,
				Base,
			);
			mainGroup = D8EB38E824F011490034F6DC;
			productRefGroup = D8EB38F224F011490034F6DC /* Products */;
			projectDirPath = "";
			projectRoot = "";
			targets = (
				D8EB38F024F011490034F6DC /* MusicAlbums */,
				D8EB393524F28EC20034F6DC /* MusicAlbumsTests */,
			);
		};
/* End PBXProject section */

/* Begin PBXResourcesBuildPhase section */
		D8EB38EF24F011490034F6DC /* Resources */ = {
			isa = PBXResourcesBuildPhase;
			buildActionMask = 2147483647;
			files = (
				D8EB390424F0114E0034F6DC /* LaunchScreen.storyboard in Resources */,
				D8EB390124F0114E0034F6DC /* Assets.xcassets in Resources */,
			);
			runOnlyForDeploymentPostprocessing = 0;
		};
		D8EB393424F28EC20034F6DC /* Resources */ = {
			isa = PBXResourcesBuildPhase;
			buildActionMask = 2147483647;
			files = (
			);
			runOnlyForDeploymentPostprocessing = 0;
		};
/* End PBXResourcesBuildPhase section */

/* Begin PBXSourcesBuildPhase section */
		D8EB38ED24F011490034F6DC /* Sources */ = {
			isa = PBXSourcesBuildPhase;
			buildActionMask = 2147483647;
			files = (
				D8EB392624F15C670034F6DC /* PokeCell.m in Sources */,
				D8EB392324F15BA90034F6DC /* ViewController.m in Sources */,
				D8EB392E24F16E360034F6DC /* SceneDelegate.m in Sources */,
				D8EB391224F012EE0034F6DC /* main.m in Sources */,
				D8EB391A24F14B910034F6DC /* ResponseObj.m in Sources */,
				D8EB392B24F1635A0034F6DC /* NetworkManager.m in Sources */,
				D8EB391724F013B70034F6DC /* AppDelegate.m in Sources */,
				D8EB393124F17E350034F6DC /* Form.m in Sources */,
				D8EB38FF24F011490034F6DC /* MusicAlbums.xcdatamodeld in Sources */,
				D8EB392824F161F30034F6DC /* PokemonViewModel.swift in Sources */,
				D8EB392024F159A30034F6DC /* Pokemon.m in Sources */,
			);
			runOnlyForDeploymentPostprocessing = 0;
		};
		D8EB393224F28EC20034F6DC /* Sources */ = {
			isa = PBXSourcesBuildPhase;
			buildActionMask = 2147483647;
			files = (
				D8EB393924F28EC20034F6DC /* MusicAlbumsTests.swift in Sources */,
			);
			runOnlyForDeploymentPostprocessing = 0;
		};
/* End PBXSourcesBuildPhase section */

/* Begin PBXTargetDependency section */
		D8EB393C24F28EC20034F6DC /* PBXTargetDependency */ = {
			isa = PBXTargetDependency;
			target = D8EB38F024F011490034F6DC /* MusicAlbums */;
			targetProxy = D8EB393B24F28EC20034F6DC /* PBXContainerItemProxy */;
		};
/* End PBXTargetDependency section */

/* Begin PBXVariantGroup section */
		D8EB390224F0114E0034F6DC /* LaunchScreen.storyboard */ = {
			isa = PBXVariantGroup;
			children = (
				D8EB390324F0114E0034F6DC /* Base */,
			);
			name = LaunchScreen.storyboard;
			sourceTree = "<group>";
		};
/* End PBXVariantGroup section */

/* Begin XCBuildConfiguration section */
		D8EB390624F0114E0034F6DC /* Debug */ = {
			isa = XCBuildConfiguration;
			buildSettings = {
				ALWAYS_SEARCH_USER_PATHS = NO;
				CLANG_ANALYZER_NONNULL = YES;
				CLANG_ANALYZER_NUMBER_OBJECT_CONVERSION = YES_AGGRESSIVE;
				CLANG_CXX_LANGUAGE_STANDARD = "gnu++14";
				CLANG_CXX_LIBRARY = "libc++";
				CLANG_ENABLE_MODULES = YES;
				CLANG_ENABLE_OBJC_ARC = YES;
				CLANG_ENABLE_OBJC_WEAK = YES;
				CLANG_WARN_BLOCK_CAPTURE_AUTORELEASING = YES;
				CLANG_WARN_BOOL_CONVERSION = YES;
				CLANG_WARN_COMMA = YES;
				CLANG_WARN_CONSTANT_CONVERSION = YES;
				CLANG_WARN_DEPRECATED_OBJC_IMPLEMENTATIONS = YES;
				CLANG_WARN_DIRECT_OBJC_ISA_USAGE = YES_ERROR;
				CLANG_WARN_DOCUMENTATION_COMMENTS = YES;
				CLANG_WARN_EMPTY_BODY = YES;
				CLANG_WARN_ENUM_CONVERSION = YES;
				CLANG_WARN_INFINITE_RECURSION = YES;
				CLANG_WARN_INT_CONVERSION = YES;
				CLANG_WARN_NON_LITERAL_NULL_CONVERSION = YES;
				CLANG_WARN_OBJC_IMPLICIT_RETAIN_SELF = YES;
				CLANG_WARN_OBJC_LITERAL_CONVERSION = YES;
				CLANG_WARN_OBJC_ROOT_CLASS = YES_ERROR;
				CLANG_WARN_RANGE_LOOP_ANALYSIS = YES;
				CLANG_WARN_STRICT_PROTOTYPES = YES;
				CLANG_WARN_SUSPICIOUS_MOVE = YES;
				CLANG_WARN_UNGUARDED_AVAILABILITY = YES_AGGRESSIVE;
				CLANG_WARN_UNREACHABLE_CODE = YES;
				CLANG_WARN__DUPLICATE_METHOD_MATCH = YES;
				COPY_PHASE_STRIP = NO;
				DEBUG_INFORMATION_FORMAT = dwarf;
				ENABLE_STRICT_OBJC_MSGSEND = YES;
				ENABLE_TESTABILITY = YES;
				GCC_C_LANGUAGE_STANDARD = gnu11;
				GCC_DYNAMIC_NO_PIC = NO;
				GCC_NO_COMMON_BLOCKS = YES;
				GCC_OPTIMIZATION_LEVEL = 0;
				GCC_PREPROCESSOR_DEFINITIONS = (
					"DEBUG=1",
					"$(inherited)",
				);
				GCC_WARN_64_TO_32_BIT_CONVERSION = YES;
				GCC_WARN_ABOUT_RETURN_TYPE = YES_ERROR;
				GCC_WARN_UNDECLARED_SELECTOR = YES;
				GCC_WARN_UNINITIALIZED_AUTOS = YES_AGGRESSIVE;
				GCC_WARN_UNUSED_FUNCTION = YES;
				GCC_WARN_UNUSED_VARIABLE = YES;
				IPHONEOS_DEPLOYMENT_TARGET = 13.6;
				MTL_ENABLE_DEBUG_INFO = INCLUDE_SOURCE;
				MTL_FAST_MATH = YES;
				ONLY_ACTIVE_ARCH = YES;
				SDKROOT = iphoneos;
				SWIFT_ACTIVE_COMPILATION_CONDITIONS = DEBUG;
				SWIFT_OPTIMIZATION_LEVEL = "-Onone";
			};
			name = Debug;
		};
		D8EB390724F0114E0034F6DC /* Release */ = {
			isa = XCBuildConfiguration;
			buildSettings = {
				ALWAYS_SEARCH_USER_PATHS = NO;
				CLANG_ANALYZER_NONNULL = YES;
				CLANG_ANALYZER_NUMBER_OBJECT_CONVERSION = YES_AGGRESSIVE;
				CLANG_CXX_LANGUAGE_STANDARD = "gnu++14";
				CLANG_CXX_LIBRARY = "libc++";
				CLANG_ENABLE_MODULES = YES;
				CLANG_ENABLE_OBJC_ARC = YES;
				CLANG_ENABLE_OBJC_WEAK = YES;
				CLANG_WARN_BLOCK_CAPTURE_AUTORELEASING = YES;
				CLANG_WARN_BOOL_CONVERSION = YES;
				CLANG_WARN_COMMA = YES;
				CLANG_WARN_CONSTANT_CONVERSION = YES;
				CLANG_WARN_DEPRECATED_OBJC_IMPLEMENTATIONS = YES;
				CLANG_WARN_DIRECT_OBJC_ISA_USAGE = YES_ERROR;
				CLANG_WARN_DOCUMENTATION_COMMENTS = YES;
				CLANG_WARN_EMPTY_BODY = YES;
				CLANG_WARN_ENUM_CONVERSION = YES;
				CLANG_WARN_INFINITE_RECURSION = YES;
				CLANG_WARN_INT_CONVERSION = YES;
				CLANG_WARN_NON_LITERAL_NULL_CONVERSION = YES;
				CLANG_WARN_OBJC_IMPLICIT_RETAIN_SELF = YES;
				CLANG_WARN_OBJC_LITERAL_CONVERSION = YES;
				CLANG_WARN_OBJC_ROOT_CLASS = YES_ERROR;
				CLANG_WARN_RANGE_LOOP_ANALYSIS = YES;
				CLANG_WARN_STRICT_PROTOTYPES = YES;
				CLANG_WARN_SUSPICIOUS_MOVE = YES;
				CLANG_WARN_UNGUARDED_AVAILABILITY = YES_AGGRESSIVE;
				CLANG_WARN_UNREACHABLE_CODE = YES;
				CLANG_WARN__DUPLICATE_METHOD_MATCH = YES;
				COPY_PHASE_STRIP = NO;
				DEBUG_INFORMATION_FORMAT = "dwarf-with-dsym";
				ENABLE_NS_ASSERTIONS = NO;
				ENABLE_STRICT_OBJC_MSGSEND = YES;
				GCC_C_LANGUAGE_STANDARD = gnu11;
				GCC_NO_COMMON_BLOCKS = YES;
				GCC_WARN_64_TO_32_BIT_CONVERSION = YES;
				GCC_WARN_ABOUT_RETURN_TYPE = YES_ERROR;
				GCC_WARN_UNDECLARED_SELECTOR = YES;
				GCC_WARN_UNINITIALIZED_AUTOS = YES_AGGRESSIVE;
				GCC_WARN_UNUSED_FUNCTION = YES;
				GCC_WARN_UNUSED_VARIABLE = YES;
				IPHONEOS_DEPLOYMENT_TARGET = 13.6;
				MTL_ENABLE_DEBUG_INFO = NO;
				MTL_FAST_MATH = YES;
				SDKROOT = iphoneos;
				SWIFT_COMPILATION_MODE = wholemodule;
				SWIFT_OPTIMIZATION_LEVEL = "-O";
				VALIDATE_PRODUCT = YES;
			};
			name = Release;
		};
		D8EB390924F0114E0034F6DC /* Debug */ = {
			isa = XCBuildConfiguration;
			buildSettings = {
				ASSETCATALOG_COMPILER_APPICON_NAME = AppIcon;
				CLANG_ENABLE_MODULES = YES;
				CODE_SIGN_STYLE = Automatic;
				INFOPLIST_FILE = MusicAlbums/Info.plist;
				LD_RUNPATH_SEARCH_PATHS = (
					"$(inherited)",
					"@executable_path/Frameworks",
				);
				PRODUCT_BUNDLE_IDENTIFIER = joaoJs.MusicAlbums;
				PRODUCT_NAME = "$(TARGET_NAME)";
				SWIFT_OBJC_BRIDGING_HEADER = "MusicAlbums/MusicAlbums-Bridging-Header.h";
				SWIFT_OPTIMIZATION_LEVEL = "-Onone";
				SWIFT_VERSION = 5.0;
				TARGETED_DEVICE_FAMILY = "1,2";
			};
			name = Debug;
		};
		D8EB390A24F0114E0034F6DC /* Release */ = {
			isa = XCBuildConfiguration;
			buildSettings = {
				ASSETCATALOG_COMPILER_APPICON_NAME = AppIcon;
				CLANG_ENABLE_MODULES = YES;
				CODE_SIGN_STYLE = Automatic;
				INFOPLIST_FILE = MusicAlbums/Info.plist;
				LD_RUNPATH_SEARCH_PATHS = (
					"$(inherited)",
					"@executable_path/Frameworks",
				);
				PRODUCT_BUNDLE_IDENTIFIER = joaoJs.MusicAlbums;
				PRODUCT_NAME = "$(TARGET_NAME)";
				SWIFT_OBJC_BRIDGING_HEADER = "MusicAlbums/MusicAlbums-Bridging-Header.h";
				SWIFT_VERSION = 5.0;
				TARGETED_DEVICE_FAMILY = "1,2";
			};
			name = Release;
		};
		D8EB393E24F28EC20034F6DC /* Debug */ = {
			isa = XCBuildConfiguration;
			buildSettings = {
				BUNDLE_LOADER = "$(TEST_HOST)";
				CODE_SIGN_STYLE = Automatic;
				INFOPLIST_FILE = MusicAlbumsTests/Info.plist;
				LD_RUNPATH_SEARCH_PATHS = (
					"$(inherited)",
					"@executable_path/Frameworks",
					"@loader_path/Frameworks",
				);
				PRODUCT_BUNDLE_IDENTIFIER = joaoJs.MusicAlbumsTests;
				PRODUCT_NAME = "$(TARGET_NAME)";
				SWIFT_VERSION = 5.0;
				TARGETED_DEVICE_FAMILY = "1,2";
				TEST_HOST = "$(BUILT_PRODUCTS_DIR)/MusicAlbums.app/MusicAlbums";
			};
			name = Debug;
		};
		D8EB393F24F28EC20034F6DC /* Release */ = {
			isa = XCBuildConfiguration;
			buildSettings = {
				BUNDLE_LOADER = "$(TEST_HOST)";
				CODE_SIGN_STYLE = Automatic;
				INFOPLIST_FILE = MusicAlbumsTests/Info.plist;
				LD_RUNPATH_SEARCH_PATHS = (
					"$(inherited)",
					"@executable_path/Frameworks",
					"@loader_path/Frameworks",
				);
				PRODUCT_BUNDLE_IDENTIFIER = joaoJs.MusicAlbumsTests;
				PRODUCT_NAME = "$(TARGET_NAME)";
				SWIFT_VERSION = 5.0;
				TARGETED_DEVICE_FAMILY = "1,2";
				TEST_HOST = "$(BUILT_PRODUCTS_DIR)/MusicAlbums.app/MusicAlbums";
			};
			name = Release;
		};
/* End XCBuildConfiguration section */

/* Begin XCConfigurationList section */
		D8EB38EC24F011490034F6DC /* Build configuration list for PBXProject "MusicAlbums" */ = {
			isa = XCConfigurationList;
			buildConfigurations = (
				D8EB390624F0114E0034F6DC /* Debug */,
				D8EB390724F0114E0034F6DC /* Release */,
			);
			defaultConfigurationIsVisible = 0;
			defaultConfigurationName = Release;
		};
		D8EB390824F0114E0034F6DC /* Build configuration list for PBXNativeTarget "MusicAlbums" */ = {
			isa = XCConfigurationList;
			buildConfigurations = (
				D8EB390924F0114E0034F6DC /* Debug */,
				D8EB390A24F0114E0034F6DC /* Release */,
			);
			defaultConfigurationIsVisible = 0;
			defaultConfigurationName = Release;
		};
		D8EB393D24F28EC20034F6DC /* Build configuration list for PBXNativeTarget "MusicAlbumsTests" */ = {
			isa = XCConfigurationList;
			buildConfigurations = (
				D8EB393E24F28EC20034F6DC /* Debug */,
				D8EB393F24F28EC20034F6DC /* Release */,
			);
			defaultConfigurationIsVisible = 0;
			defaultConfigurationName = Release;
		};
/* End XCConfigurationList section */

/* Begin XCVersionGroup section */
		D8EB38FD24F011490034F6DC /* MusicAlbums.xcdatamodeld */ = {
			isa = XCVersionGroup;
			children = (
				D8EB38FE24F011490034F6DC /* MusicAlbums.xcdatamodel */,
			);
			currentVersion = D8EB38FE24F011490034F6DC /* MusicAlbums.xcdatamodel */;
			path = MusicAlbums.xcdatamodeld;
			sourceTree = "<group>";
			versionGroupType = wrapper.xcdatamodel;
		};
/* End XCVersionGroup section */
	};
	rootObject = D8EB38E924F011490034F6DC /* Project object */;
}
